
Microsoft Visual Studio Solution File, Format Version 12.00
# Visual Studio Version 17
Project("{2150E333-8FDC-42A3-9474-1A3956D46DE8}") = "CMakePredefinedTargets", "CMakePredefinedTargets", "{50102400-FAA9-3826-B2F9-327AEFD52008}"
EndProject
Project("{8BC9CEB8-8B4A-11D0-8D11-00A0C91BC942}") = "Sandbox", "Sandbox\Sandbox.vcxproj", "{529CB942-9405-3A5E-9056-907F7EF0817E}"
	ProjectSection(ProjectDependencies) = postProject
		{CBDD622D-69B8-3171-A1DD-1233C8FAF88B} = {CBDD622D-69B8-3171-A1DD-1233C8FAF88B}
	EndProjectSection
EndProject
Project("{8BC9CEB8-8B4A-11D0-8D11-00A0C91BC942}") = "ALL_BUILD", "ALL_BUILD.vcxproj", "{7C079446-5400-3574-95A0-921540DF5F8A}"
	ProjectSection(ProjectDependencies) = postProject
		{529CB942-9405-3A5E-9056-907F7EF0817E} = {529CB942-9405-3A5E-9056-907F7EF0817E}
		{CBDD622D-69B8-3171-A1DD-1233C8FAF88B} = {CBDD622D-69B8-3171-A1DD-1233C8FAF88B}
	EndProjectSection
EndProject
Project("{8BC9CEB8-8B4A-11D0-8D11-00A0C91BC942}") = "Tavern", "Tavern\Tavern.vcxproj", "{CBDD622D-69B8-3171-A1DD-1233C8FAF88B}"
	ProjectSection(ProjectDependencies) = postProject
	EndProjectSection
EndProject
Global
	GlobalSection(SolutionConfigurationPlatforms) = preSolution
		Debug|x64 = Debug|x64
		Release|x64 = Release|x64
	EndGlobalSection
	GlobalSection(ProjectConfigurationPlatforms) = postSolution
		{529CB942-9405-3A5E-9056-907F7EF0817E}.Debug|x64.ActiveCfg = Debug|x64
		{529CB942-9405-3A5E-9056-907F7EF0817E}.Debug|x64.Build.0 = Debug|x64
		{529CB942-9405-3A5E-9056-907F7EF0817E}.Release|x64.ActiveCfg = Release|x64
		{529CB942-9405-3A5E-9056-907F7EF0817E}.Release|x64.Build.0 = Release|x64
		{7C079446-5400-3574-95A0-921540DF5F8A}.Debug|x64.ActiveCfg = Debug|x64
		{7C079446-5400-3574-95A0-921540DF5F8A}.Release|x64.ActiveCfg = Release|x64
		{CBDD622D-69B8-3171-A1DD-1233C8FAF88B}.Debug|x64.ActiveCfg = Debug|x64
		{CBDD622D-69B8-3171-A1DD-1233C8FAF88B}.Debug|x64.Build.0 = Debug|x64
		{CBDD622D-69B8-3171-A1DD-1233C8FAF88B}.Release|x64.ActiveCfg = Release|x64
		{CBDD622D-69B8-3171-A1DD-1233C8FAF88B}.Release|x64.Build.0 = Release|x64
	EndGlobalSection
	GlobalSection(NestedProjects) = preSolution
		{7C079446-5400-3574-95A0-921540DF5F8A} = {50102400-FAA9-3826-B2F9-327AEFD52008}
	EndGlobalSection
	GlobalSection(ExtensibilityGlobals) = postSolution
		SolutionGuid = {12CF9387-79AA-39A3-B8BF-5141AB5066A9}
	EndGlobalSection
	GlobalSection(ExtensibilityAddIns) = postSolution
	EndGlobalSection
EndGlobal
